// !$*UTF8*$!
{
	archiveVersion = 1;
	classes = {
	};
	objectVersion = 56;
	objects = {

/* Begin PBXBuildFile section */
		30AB3B792B571B8C006F13DB /* DrinkAPIApp.swift in Sources */ = {isa = PBXBuildFile; fileRef = 30AB3B782B571B8C006F13DB /* DrinkAPIApp.swift */; };
		30AB3B7B2B571B8C006F13DB /* Persistence.swift in Sources */ = {isa = PBXBuildFile; fileRef = 30AB3B7A2B571B8C006F13DB /* Persistence.swift */; };
		30AB3B7E2B571B8C006F13DB /* DrinkAPI.xcdatamodeld in Sources */ = {isa = PBXBuildFile; fileRef = 30AB3B7C2B571B8C006F13DB /* DrinkAPI.xcdatamodeld */; };
		30AB3B802B571B8C006F13DB /* ContentView.swift in Sources */ = {isa = PBXBuildFile; fileRef = 30AB3B7F2B571B8C006F13DB /* ContentView.swift */; };
		30AB3B822B571B8E006F13DB /* Assets.xcassets in Resources */ = {isa = PBXBuildFile; fileRef = 30AB3B812B571B8E006F13DB /* Assets.xcassets */; };
		30AB3B862B571B8E006F13DB /* Preview Assets.xcassets in Resources */ = {isa = PBXBuildFile; fileRef = 30AB3B852B571B8E006F13DB /* Preview Assets.xcassets */; };
		30AB3B902B571B8E006F13DB /* DrinkAPITests.swift in Sources */ = {isa = PBXBuildFile; fileRef = 30AB3B8F2B571B8E006F13DB /* DrinkAPITests.swift */; };
		30AB3B9A2B571B8E006F13DB /* DrinkAPIUITests.swift in Sources */ = {isa = PBXBuildFile; fileRef = 30AB3B992B571B8E006F13DB /* DrinkAPIUITests.swift */; };
		30AB3B9C2B571B8E006F13DB /* DrinkAPIUITestsLaunchTests.swift in Sources */ = {isa = PBXBuildFile; fileRef = 30AB3B9B2B571B8E006F13DB /* DrinkAPIUITestsLaunchTests.swift */; };
/* End PBXBuildFile section */

/* Begin PBXContainerItemProxy section */
		30AB3B8C2B571B8E006F13DB /* PBXContainerItemProxy */ = {
			isa = PBXContainerItemProxy;
			containerPortal = 30AB3B6D2B571B8C006F13DB /* Project object */;
			proxyType = 1;
			remoteGlobalIDString = 30AB3B742B571B8C006F13DB;
			remoteInfo = DrinkAPI;
		};
		30AB3B962B571B8E006F13DB /* PBXContainerItemProxy */ = {
			isa = PBXContainerItemProxy;
			containerPortal = 30AB3B6D2B571B8C006F13DB /* Project object */;
			proxyType = 1;
			remoteGlobalIDString = 30AB3B742B571B8C006F13DB;
			remoteInfo = DrinkAPI;
		};
/* End PBXContainerItemProxy section */

/* Begin PBXFileReference section */
		30AB3B752B571B8C006F13DB /* DrinkAPI.app */ = {isa = PBXFileReference; explicitFileType = wrapper.application; includeInIndex = 0; path = DrinkAPI.app; sourceTree = BUILT_PRODUCTS_DIR; };
		30AB3B782B571B8C006F13DB /* DrinkAPIApp.swift */ = {isa = PBXFileReference; lastKnownFileType = sourcecode.swift; path = DrinkAPIApp.swift; sourceTree = "<group>"; };
		30AB3B7A2B571B8C006F13DB /* Persistence.swift */ = {isa = PBXFileReference; lastKnownFileType = sourcecode.swift; path = Persistence.swift; sourceTree = "<group>"; };
		30AB3B7D2B571B8C006F13DB /* DrinkAPI.xcdatamodel */ = {isa = PBXFileReference; lastKnownFileType = wrapper.xcdatamodel; path = DrinkAPI.xcdatamodel; sourceTree = "<group>"; };
		30AB3B7F2B571B8C006F13DB /* ContentView.swift */ = {isa = PBXFileReference; lastKnownFileType = sourcecode.swift; path = ContentView.swift; sourceTree = "<group>"; };
		30AB3B812B571B8E006F13DB /* Assets.xcassets */ = {isa = PBXFileReference; lastKnownFileType = folder.assetcatalog; path = Assets.xcassets; sourceTree = "<group>"; };
		30AB3B832B571B8E006F13DB /* DrinkAPI.entitlements */ = {isa = PBXFileReference; lastKnownFileType = text.plist.entitlements; path = DrinkAPI.entitlements; sourceTree = "<group>"; };
		30AB3B852B571B8E006F13DB /* Preview Assets.xcassets */ = {isa = PBXFileReference; lastKnownFileType = folder.assetcatalog; path = "Preview Assets.xcassets"; sourceTree = "<group>"; };
		30AB3B8B2B571B8E006F13DB /* DrinkAPITests.xctest */ = {isa = PBXFileReference; explicitFileType = wrapper.cfbundle; includeInIndex = 0; path = DrinkAPITests.xctest; sourceTree = BUILT_PRODUCTS_DIR; };
		30AB3B8F2B571B8E006F13DB /* DrinkAPITests.swift */ = {isa = PBXFileReference; lastKnownFileType = sourcecode.swift; path = DrinkAPITests.swift; sourceTree = "<group>"; };
		30AB3B952B571B8E006F13DB /* DrinkAPIUITests.xctest */ = {isa = PBXFileReference; explicitFileType = wrapper.cfbundle; includeInIndex = 0; path = DrinkAPIUITests.xctest; sourceTree = BUILT_PRODUCTS_DIR; };
		30AB3B992B571B8E006F13DB /* DrinkAPIUITests.swift */ = {isa = PBXFileReference; lastKnownFileType = sourcecode.swift; path = DrinkAPIUITests.swift; sourceTree = "<group>"; };
		30AB3B9B2B571B8E006F13DB /* DrinkAPIUITestsLaunchTests.swift */ = {isa = PBXFileReference; lastKnownFileType = sourcecode.swift; path = DrinkAPIUITestsLaunchTests.swift; sourceTree = "<group>"; };
/* End PBXFileReference section */

/* Begin PBXFrameworksBuildPhase section */
		30AB3B722B571B8C006F13DB /* Frameworks */ = {
			isa = PBXFrameworksBuildPhase;
			buildActionMask = 2147483647;
			files = (
			);
			runOnlyForDeploymentPostprocessing = 0;
		};
		30AB3B882B571B8E006F13DB /* Frameworks */ = {
			isa = PBXFrameworksBuildPhase;
			buildActionMask = 2147483647;
			files = (
			);
			runOnlyForDeploymentPostprocessing = 0;
		};
		30AB3B922B571B8E006F13DB /* Frameworks */ = {
			isa = PBXFrameworksBuildPhase;
			buildActionMask = 2147483647;
			files = (
			);
			runOnlyForDeploymentPostprocessing = 0;
		};
/* End PBXFrameworksBuildPhase section */

/* Begin PBXGroup section */
		30AB3B6C2B571B8C006F13DB = {
			isa = PBXGroup;
			children = (
				30AB3B772B571B8C006F13DB /* DrinkAPI */,
				30AB3B8E2B571B8E006F13DB /* DrinkAPITests */,
				30AB3B982B571B8E006F13DB /* DrinkAPIUITests */,
				30AB3B762B571B8C006F13DB /* Products */,
			);
			sourceTree = "<group>";
		};
		30AB3B762B571B8C006F13DB /* Products */ = {
			isa = PBXGroup;
			children = (
				30AB3B752B571B8C006F13DB /* DrinkAPI.app */,
				30AB3B8B2B571B8E006F13DB /* DrinkAPITests.xctest */,
				30AB3B952B571B8E006F13DB /* DrinkAPIUITests.xctest */,
			);
			name = Products;
			sourceTree = "<group>";
		};
		30AB3B772B571B8C006F13DB /* DrinkAPI */ = {
			isa = PBXGroup;
			children = (
				30AB3B782B571B8C006F13DB /* DrinkAPIApp.swift */,
				30AB3B7A2B571B8C006F13DB /* Persistence.swift */,
				30AB3B7F2B571B8C006F13DB /* ContentView.swift */,
				30AB3B812B571B8E006F13DB /* Assets.xcassets */,
				30AB3B832B571B8E006F13DB /* DrinkAPI.entitlements */,
				30AB3B7C2B571B8C006F13DB /* DrinkAPI.xcdatamodeld */,
				30AB3B842B571B8E006F13DB /* Preview Content */,
			);
			path = DrinkAPI;
			sourceTree = "<group>";
		};
		30AB3B842B571B8E006F13DB /* Preview Content */ = {
			isa = PBXGroup;
			children = (
				30AB3B852B571B8E006F13DB /* Preview Assets.xcassets */,
			);
			path = "Preview Content";
			sourceTree = "<group>";
		};
		30AB3B8E2B571B8E006F13DB /* DrinkAPITests */ = {
			isa = PBXGroup;
			children = (
				30AB3B8F2B571B8E006F13DB /* DrinkAPITests.swift */,
			);
			path = DrinkAPITests;
			sourceTree = "<group>";
		};
		30AB3B982B571B8E006F13DB /* DrinkAPIUITests */ = {
			isa = PBXGroup;
			children = (
				30AB3B992B571B8E006F13DB /* DrinkAPIUITests.swift */,
				30AB3B9B2B571B8E006F13DB /* DrinkAPIUITestsLaunchTests.swift */,
			);
			path = DrinkAPIUITests;
			sourceTree = "<group>";
		};
/* End PBXGroup section */

/* Begin PBXNativeTarget section */
		30AB3B742B571B8C006F13DB /* DrinkAPI */ = {
			isa = PBXNativeTarget;
			buildConfigurationList = 30AB3B9F2B571B8E006F13DB /* Build configuration list for PBXNativeTarget "DrinkAPI" */;
			buildPhases = (
				30AB3B712B571B8C006F13DB /* Sources */,
				30AB3B722B571B8C006F13DB /* Frameworks */,
				30AB3B732B571B8C006F13DB /* Resources */,
			);
			buildRules = (
			);
			dependencies = (
			);
			name = DrinkAPI;
			productName = DrinkAPI;
			productReference = 30AB3B752B571B8C006F13DB /* DrinkAPI.app */;
			productType = "com.apple.product-type.application";
		};
		30AB3B8A2B571B8E006F13DB /* DrinkAPITests */ = {
			isa = PBXNativeTarget;
			buildConfigurationList = 30AB3BA22B571B8E006F13DB /* Build configuration list for PBXNativeTarget "DrinkAPITests" */;
			buildPhases = (
				30AB3B872B571B8E006F13DB /* Sources */,
				30AB3B882B571B8E006F13DB /* Frameworks */,
				30AB3B892B571B8E006F13DB /* Resources */,
			);
			buildRules = (
			);
			dependencies = (
				30AB3B8D2B571B8E006F13DB /* PBXTargetDependency */,
			);
			name = DrinkAPITests;
			productName = DrinkAPITests;
			productReference = 30AB3B8B2B571B8E006F13DB /* DrinkAPITests.xctest */;
			productType = "com.apple.product-type.bundle.unit-test";
		};
		30AB3B942B571B8E006F13DB /* DrinkAPIUITests */ = {
			isa = PBXNativeTarget;
			buildConfigurationList = 30AB3BA52B571B8E006F13DB /* Build configuration list for PBXNativeTarget "DrinkAPIUITests" */;
			buildPhases = (
				30AB3B912B571B8E006F13DB /* Sources */,
				30AB3B922B571B8E006F13DB /* Frameworks */,
				30AB3B932B571B8E006F13DB /* Resources */,
			);
			buildRules = (
			);
			dependencies = (
				30AB3B972B571B8E006F13DB /* PBXTargetDependency */,
			);
			name = DrinkAPIUITests;
			productName = DrinkAPIUITests;
			productReference = 30AB3B952B571B8E006F13DB /* DrinkAPIUITests.xctest */;
			productType = "com.apple.product-type.bundle.ui-testing";
		};
/* End PBXNativeTarget section */

/* Begin PBXProject section */
		30AB3B6D2B571B8C006F13DB /* Project object */ = {
			isa = PBXProject;
			attributes = {
				BuildIndependentTargetsInParallel = 1;
				LastSwiftUpdateCheck = 1520;
				LastUpgradeCheck = 1520;
				TargetAttributes = {
					30AB3B742B571B8C006F13DB = {
						CreatedOnToolsVersion = 15.2;
					};
					30AB3B8A2B571B8E006F13DB = {
						CreatedOnToolsVersion = 15.2;
						TestTargetID = 30AB3B742B571B8C006F13DB;
					};
					30AB3B942B571B8E006F13DB = {
						CreatedOnToolsVersion = 15.2;
						TestTargetID = 30AB3B742B571B8C006F13DB;
					};
				};
			};
			buildConfigurationList = 30AB3B702B571B8C006F13DB /* Build configuration list for PBXProject "DrinkAPI" */;
			compatibilityVersion = "Xcode 14.0";
			developmentRegion = en;
			hasScannedForEncodings = 0;
			knownRegions = (
				en,
				Base,
			);
			mainGroup = 30AB3B6C2B571B8C006F13DB;
			productRefGroup = 30AB3B762B571B8C006F13DB /* Products */;
			projectDirPath = "";
			projectRoot = "";
			targets = (
				30AB3B742B571B8C006F13DB /* DrinkAPI */,
				30AB3B8A2B571B8E006F13DB /* DrinkAPITests */,
				30AB3B942B571B8E006F13DB /* DrinkAPIUITests */,
			);
		};
/* End PBXProject section */

/* Begin PBXResourcesBuildPhase section */
		30AB3B732B571B8C006F13DB /* Resources */ = {
			isa = PBXResourcesBuildPhase;
			buildActionMask = 2147483647;
			files = (
				30AB3B862B571B8E006F13DB /* Preview Assets.xcassets in Resources */,
				30AB3B822B571B8E006F13DB /* Assets.xcassets in Resources */,
			);
			runOnlyForDeploymentPostprocessing = 0;
		};
		30AB3B892B571B8E006F13DB /* Resources */ = {
			isa = PBXResourcesBuildPhase;
			buildActionMask = 2147483647;
			files = (
			);
			runOnlyForDeploymentPostprocessing = 0;
		};
		30AB3B932B571B8E006F13DB /* Resources */ = {
			isa = PBXResourcesBuildPhase;
			buildActionMask = 2147483647;
			files = (
			);
			runOnlyForDeploymentPostprocessing = 0;
		};
/* End PBXResourcesBuildPhase section */

/* Begin PBXSourcesBuildPhase section */
		30AB3B712B571B8C006F13DB /* Sources */ = {
			isa = PBXSourcesBuildPhase;
			buildActionMask = 2147483647;
			files = (
				30AB3B7E2B571B8C006F13DB /* DrinkAPI.xcdatamodeld in Sources */,
				30AB3B792B571B8C006F13DB /* DrinkAPIApp.swift in Sources */,
				30AB3B802B571B8C006F13DB /* ContentView.swift in Sources */,
				30AB3B7B2B571B8C006F13DB /* Persistence.swift in Sources */,
			);
			runOnlyForDeploymentPostprocessing = 0;
		};
		30AB3B872B571B8E006F13DB /* Sources */ = {
			isa = PBXSourcesBuildPhase;
			buildActionMask = 2147483647;
			files = (
				30AB3B902B571B8E006F13DB /* DrinkAPITests.swift in Sources */,
			);
			runOnlyForDeploymentPostprocessing = 0;
		};
		30AB3B912B571B8E006F13DB /* Sources */ = {
			isa = PBXSourcesBuildPhase;
			buildActionMask = 2147483647;
			files = (
				30AB3B9C2B571B8E006F13DB /* DrinkAPIUITestsLaunchTests.swift in Sources */,
				30AB3B9A2B571B8E006F13DB /* DrinkAPIUITests.swift in Sources */,
			);
			runOnlyForDeploymentPostprocessing = 0;
		};
/* End PBXSourcesBuildPhase section */

/* Begin PBXTargetDependency section */
		30AB3B8D2B571B8E006F13DB /* PBXTargetDependency */ = {
			isa = PBXTargetDependency;
			target = 30AB3B742B571B8C006F13DB /* DrinkAPI */;
			targetProxy = 30AB3B8C2B571B8E006F13DB /* PBXContainerItemProxy */;
		};
		30AB3B972B571B8E006F13DB /* PBXTargetDependency */ = {
			isa = PBXTargetDependency;
			target = 30AB3B742B571B8C006F13DB /* DrinkAPI */;
			targetProxy = 30AB3B962B571B8E006F13DB /* PBXContainerItemProxy */;
		};
/* End PBXTargetDependency section */

/* Begin XCBuildConfiguration section */
		30AB3B9D2B571B8E006F13DB /* Debug */ = {
			isa = XCBuildConfiguration;
			buildSettings = {
				ALWAYS_SEARCH_USER_PATHS = NO;
				ASSETCATALOG_COMPILER_GENERATE_SWIFT_ASSET_SYMBOL_EXTENSIONS = YES;
				CLANG_ANALYZER_NONNULL = YES;
				CLANG_ANALYZER_NUMBER_OBJECT_CONVERSION = YES_AGGRESSIVE;
				CLANG_CXX_LANGUAGE_STANDARD = "gnu++20";
				CLANG_ENABLE_MODULES = YES;
				CLANG_ENABLE_OBJC_ARC = YES;
				CLANG_ENABLE_OBJC_WEAK = YES;
				CLANG_WARN_BLOCK_CAPTURE_AUTORELEASING = YES;
				CLANG_WARN_BOOL_CONVERSION = YES;
				CLANG_WARN_COMMA = YES;
				CLANG_WARN_CONSTANT_CONVERSION = YES;
				CLANG_WARN_DEPRECATED_OBJC_IMPLEMENTATIONS = YES;
				CLANG_WARN_DIRECT_OBJC_ISA_USAGE = YES_ERROR;
				CLANG_WARN_DOCUMENTATION_COMMENTS = YES;
				CLANG_WARN_EMPTY_BODY = YES;
				CLANG_WARN_ENUM_CONVERSION = YES;
				CLANG_WARN_INFINITE_RECURSION = YES;
				CLANG_WARN_INT_CONVERSION = YES;
				CLANG_WARN_NON_LITERAL_NULL_CONVERSION = YES;
				CLANG_WARN_OBJC_IMPLICIT_RETAIN_SELF = YES;
				CLANG_WARN_OBJC_LITERAL_CONVERSION = YES;
				CLANG_WARN_OBJC_ROOT_CLASS = YES_ERROR;
				CLANG_WARN_QUOTED_INCLUDE_IN_FRAMEWORK_HEADER = YES;
				CLANG_WARN_RANGE_LOOP_ANALYSIS = YES;
				CLANG_WARN_STRICT_PROTOTYPES = YES;
				CLANG_WARN_SUSPICIOUS_MOVE = YES;
				CLANG_WARN_UNGUARDED_AVAILABILITY = YES_AGGRESSIVE;
				CLANG_WARN_UNREACHABLE_CODE = YES;
				CLANG_WARN__DUPLICATE_METHOD_MATCH = YES;
				COPY_PHASE_STRIP = NO;
				DEBUG_INFORMATION_FORMAT = dwarf;
				ENABLE_STRICT_OBJC_MSGSEND = YES;
				ENABLE_TESTABILITY = YES;
				ENABLE_USER_SCRIPT_SANDBOXING = YES;
				GCC_C_LANGUAGE_STANDARD = gnu17;
				GCC_DYNAMIC_NO_PIC = NO;
				GCC_NO_COMMON_BLOCKS = YES;
				GCC_OPTIMIZATION_LEVEL = 0;
				GCC_PREPROCESSOR_DEFINITIONS = (
					"DEBUG=1",
					"$(inherited)",
				);
				GCC_WARN_64_TO_32_BIT_CONVERSION = YES;
				GCC_WARN_ABOUT_RETURN_TYPE = YES_ERROR;
				GCC_WARN_UNDECLARED_SELECTOR = YES;
				GCC_WARN_UNINITIALIZED_AUTOS = YES_AGGRESSIVE;
				GCC_WARN_UNUSED_FUNCTION = YES;
				GCC_WARN_UNUSED_VARIABLE = YES;
				LOCALIZATION_PREFERS_STRING_CATALOGS = YES;
				MTL_ENABLE_DEBUG_INFO = INCLUDE_SOURCE;
				MTL_FAST_MATH = YES;
				ONLY_ACTIVE_ARCH = YES;
				SWIFT_ACTIVE_COMPILATION_CONDITIONS = "DEBUG $(inherited)";
				SWIFT_OPTIMIZATION_LEVEL = "-Onone";
			};
			name = Debug;
		};
		30AB3B9E2B571B8E006F13DB /* Release */ = {
			isa = XCBuildConfiguration;
			buildSettings = {
				ALWAYS_SEARCH_USER_PATHS = NO;
				ASSETCATALOG_COMPILER_GENERATE_SWIFT_ASSET_SYMBOL_EXTENSIONS = YES;
				CLANG_ANALYZER_NONNULL = YES;
				CLANG_ANALYZER_NUMBER_OBJECT_CONVERSION = YES_AGGRESSIVE;
				CLANG_CXX_LANGUAGE_STANDARD = "gnu++20";
				CLANG_ENABLE_MODULES = YES;
				CLANG_ENABLE_OBJC_ARC = YES;
				CLANG_ENABLE_OBJC_WEAK = YES;
				CLANG_WARN_BLOCK_CAPTURE_AUTORELEASING = YES;
				CLANG_WARN_BOOL_CONVERSION = YES;
				CLANG_WARN_COMMA = YES;
				CLANG_WARN_CONSTANT_CONVERSION = YES;
				CLANG_WARN_DEPRECATED_OBJC_IMPLEMENTATIONS = YES;
				CLANG_WARN_DIRECT_OBJC_ISA_USAGE = YES_ERROR;
				CLANG_WARN_DOCUMENTATION_COMMENTS = YES;
				CLANG_WARN_EMPTY_BODY = YES;
				CLANG_WARN_ENUM_CONVERSION = YES;
				CLANG_WARN_INFINITE_RECURSION = YES;
				CLANG_WARN_INT_CONVERSION = YES;
				CLANG_WARN_NON_LITERAL_NULL_CONVERSION = YES;
				CLANG_WARN_OBJC_IMPLICIT_RETAIN_SELF = YES;
				CLANG_WARN_OBJC_LITERAL_CONVERSION = YES;
				CLANG_WARN_OBJC_ROOT_CLASS = YES_ERROR;
				CLANG_WARN_QUOTED_INCLUDE_IN_FRAMEWORK_HEADER = YES;
				CLANG_WARN_RANGE_LOOP_ANALYSIS = YES;
				CLANG_WARN_STRICT_PROTOTYPES = YES;
				CLANG_WARN_SUSPICIOUS_MOVE = YES;
				CLANG_WARN_UNGUARDED_AVAILABILITY = YES_AGGRESSIVE;
				CLANG_WARN_UNREACHABLE_CODE = YES;
				CLANG_WARN__DUPLICATE_METHOD_MATCH = YES;
				COPY_PHASE_STRIP = NO;
				DEBUG_INFORMATION_FORMAT = "dwarf-with-dsym";
				ENABLE_NS_ASSERTIONS = NO;
				ENABLE_STRICT_OBJC_MSGSEND = YES;
				ENABLE_USER_SCRIPT_SANDBOXING = YES;
				GCC_C_LANGUAGE_STANDARD = gnu17;
				GCC_NO_COMMON_BLOCKS = YES;
				GCC_WARN_64_TO_32_BIT_CONVERSION = YES;
				GCC_WARN_ABOUT_RETURN_TYPE = YES_ERROR;
				GCC_WARN_UNDECLARED_SELECTOR = YES;
				GCC_WARN_UNINITIALIZED_AUTOS = YES_AGGRESSIVE;
				GCC_WARN_UNUSED_FUNCTION = YES;
				GCC_WARN_UNUSED_VARIABLE = YES;
				LOCALIZATION_PREFERS_STRING_CATALOGS = YES;
				MTL_ENABLE_DEBUG_INFO = NO;
				MTL_FAST_MATH = YES;
				SWIFT_COMPILATION_MODE = wholemodule;
			};
			name = Release;
		};
		30AB3BA02B571B8E006F13DB /* Debug */ = {
			isa = XCBuildConfiguration;
			buildSettings = {
				ASSETCATALOG_COMPILER_APPICON_NAME = AppIcon;
				ASSETCATALOG_COMPILER_GLOBAL_ACCENT_COLOR_NAME = AccentColor;
				CODE_SIGN_ENTITLEMENTS = DrinkAPI/DrinkAPI.entitlements;
				CODE_SIGN_STYLE = Automatic;
				CURRENT_PROJECT_VERSION = 1;
				DEVELOPMENT_ASSET_PATHS = "\"DrinkAPI/Preview Content\"";
				DEVELOPMENT_TEAM = 5JVSN3RCY7;
				ENABLE_HARDENED_RUNTIME = YES;
				ENABLE_PREVIEWS = YES;
				GENERATE_INFOPLIST_FILE = YES;
				"INFOPLIST_KEY_UIApplicationSceneManifest_Generation[sdk=iphoneos*]" = YES;
				"INFOPLIST_KEY_UIApplicationSceneManifest_Generation[sdk=iphonesimulator*]" = YES;
				"INFOPLIST_KEY_UIApplicationSupportsIndirectInputEvents[sdk=iphoneos*]" = YES;
				"INFOPLIST_KEY_UIApplicationSupportsIndirectInputEvents[sdk=iphonesimulator*]" = YES;
				"INFOPLIST_KEY_UILaunchScreen_Generation[sdk=iphoneos*]" = YES;
				"INFOPLIST_KEY_UILaunchScreen_Generation[sdk=iphonesimulator*]" = YES;
				"INFOPLIST_KEY_UIStatusBarStyle[sdk=iphoneos*]" = UIStatusBarStyleDefault;
				"INFOPLIST_KEY_UIStatusBarStyle[sdk=iphonesimulator*]" = UIStatusBarStyleDefault;
				INFOPLIST_KEY_UISupportedInterfaceOrientations_iPad = "UIInterfaceOrientationPortrait UIInterfaceOrientationPortraitUpsideDown UIInterfaceOrientationLandscapeLeft UIInterfaceOrientationLandscapeRight";
				INFOPLIST_KEY_UISupportedInterfaceOrientations_iPhone = "UIInterfaceOrientationPortrait UIInterfaceOrientationLandscapeLeft UIInterfaceOrientationLandscapeRight";
				IPHONEOS_DEPLOYMENT_TARGET = 17.2;
				LD_RUNPATH_SEARCH_PATHS = "@executable_path/Frameworks";
				"LD_RUNPATH_SEARCH_PATHS[sdk=macosx*]" = "@executable_path/../Frameworks";
				MACOSX_DEPLOYMENT_TARGET = 14.2;
				MARKETING_VERSION = 1.0;
				PRODUCT_BUNDLE_IDENTIFIER = com.robpal.DrinkAPI;
				PRODUCT_NAME = "$(TARGET_NAME)";
				SDKROOT = auto;
				SUPPORTED_PLATFORMS = "iphoneos iphonesimulator macosx";
				SWIFT_EMIT_LOC_STRINGS = YES;
				SWIFT_VERSION = 5.0;
				TARGETED_DEVICE_FAMILY = "1,2";
			};
			name = Debug;
		};
		30AB3BA12B571B8E006F13DB /* Release */ = {
			isa = XCBuildConfiguration;
			buildSettings = {
				ASSETCATALOG_COMPILER_APPICON_NAME = AppIcon;
				ASSETCATALOG_COMPILER_GLOBAL_ACCENT_COLOR_NAME = AccentColor;
				CODE_SIGN_ENTITLEMENTS = DrinkAPI/DrinkAPI.entitlements;
				CODE_SIGN_STYLE = Automatic;
				CURRENT_PROJECT_VERSION = 1;
				DEVELOPMENT_ASSET_PATHS = "\"DrinkAPI/Preview Content\"";
				DEVELOPMENT_TEAM = 5JVSN3RCY7;
				ENABLE_HARDENED_RUNTIME = YES;
				ENABLE_PREVIEWS = YES;
				GENERATE_INFOPLIST_FILE = YES;
				"INFOPLIST_KEY_UIApplicationSceneManifest_Generation[sdk=iphoneos*]" = YES;
				"INFOPLIST_KEY_UIApplicationSceneManifest_Generation[sdk=iphonesimulator*]" = YES;
				"INFOPLIST_KEY_UIApplicationSupportsIndirectInputEvents[sdk=iphoneos*]" = YES;
				"INFOPLIST_KEY_UIApplicationSupportsIndirectInputEvents[sdk=iphonesimulator*]" = YES;
				"INFOPLIST_KEY_UILaunchScreen_Generation[sdk=iphoneos*]" = YES;
				"INFOPLIST_KEY_UILaunchScreen_Generation[sdk=iphonesimulator*]" = YES;
				"INFOPLIST_KEY_UIStatusBarStyle[sdk=iphoneos*]" = UIStatusBarStyleDefault;
				"INFOPLIST_KEY_UIStatusBarStyle[sdk=iphonesimulator*]" = UIStatusBarStyleDefault;
				INFOPLIST_KEY_UISupportedInterfaceOrientations_iPad = "UIInterfaceOrientationPortrait UIInterfaceOrientationPortraitUpsideDown UIInterfaceOrientationLandscapeLeft UIInterfaceOrientationLandscapeRight";
				INFOPLIST_KEY_UISupportedInterfaceOrientations_iPhone = "UIInterfaceOrientationPortrait UIInterfaceOrientationLandscapeLeft UIInterfaceOrientationLandscapeRight";
				IPHONEOS_DEPLOYMENT_TARGET = 17.2;
				LD_RUNPATH_SEARCH_PATHS = "@executable_path/Frameworks";
				"LD_RUNPATH_SEARCH_PATHS[sdk=macosx*]" = "@executable_path/../Frameworks";
				MACOSX_DEPLOYMENT_TARGET = 14.2;
				MARKETING_VERSION = 1.0;
				PRODUCT_BUNDLE_IDENTIFIER = com.robpal.DrinkAPI;
				PRODUCT_NAME = "$(TARGET_NAME)";
				SDKROOT = auto;
				SUPPORTED_PLATFORMS = "iphoneos iphonesimulator macosx";
				SWIFT_EMIT_LOC_STRINGS = YES;
				SWIFT_VERSION = 5.0;
				TARGETED_DEVICE_FAMILY = "1,2";
			};
			name = Release;
		};
		30AB3BA32B571B8E006F13DB /* Debug */ = {
			isa = XCBuildConfiguration;
			buildSettings = {
				ALWAYS_EMBED_SWIFT_STANDARD_LIBRARIES = YES;
				BUNDLE_LOADER = "$(TEST_HOST)";
				CODE_SIGN_STYLE = Automatic;
				CURRENT_PROJECT_VERSION = 1;
				DEVELOPMENT_TEAM = 5JVSN3RCY7;
				GENERATE_INFOPLIST_FILE = YES;
				IPHONEOS_DEPLOYMENT_TARGET = 17.2;
				MACOSX_DEPLOYMENT_TARGET = 14.2;
				MARKETING_VERSION = 1.0;
				PRODUCT_BUNDLE_IDENTIFIER = com.robpal.DrinkAPITests;
				PRODUCT_NAME = "$(TARGET_NAME)";
				SDKROOT = auto;
				SUPPORTED_PLATFORMS = "iphoneos iphonesimulator macosx";
				SWIFT_EMIT_LOC_STRINGS = NO;
				SWIFT_VERSION = 5.0;
				TARGETED_DEVICE_FAMILY = "1,2";
				TEST_HOST = "$(BUILT_PRODUCTS_DIR)/DrinkAPI.app/$(BUNDLE_EXECUTABLE_FOLDER_PATH)/DrinkAPI";
			};
			name = Debug;
		};
		30AB3BA42B571B8E006F13DB /* Release */ = {
			isa = XCBuildConfiguration;
			buildSettings = {
				ALWAYS_EMBED_SWIFT_STANDARD_LIBRARIES = YES;
				BUNDLE_LOADER = "$(TEST_HOST)";
				CODE_SIGN_STYLE = Automatic;
				CURRENT_PROJECT_VERSION = 1;
				DEVELOPMENT_TEAM = 5JVSN3RCY7;
				GENERATE_INFOPLIST_FILE = YES;
				IPHONEOS_DEPLOYMENT_TARGET = 17.2;
				MACOSX_DEPLOYMENT_TARGET = 14.2;
				MARKETING_VERSION = 1.0;
				PRODUCT_BUNDLE_IDENTIFIER = com.robpal.DrinkAPITests;
				PRODUCT_NAME = "$(TARGET_NAME)";
				SDKROOT = auto;
				SUPPORTED_PLATFORMS = "iphoneos iphonesimulator macosx";
				SWIFT_EMIT_LOC_STRINGS = NO;
				SWIFT_VERSION = 5.0;
				TARGETED_DEVICE_FAMILY = "1,2";
				TEST_HOST = "$(BUILT_PRODUCTS_DIR)/DrinkAPI.app/$(BUNDLE_EXECUTABLE_FOLDER_PATH)/DrinkAPI";
			};
			name = Release;
		};
		30AB3BA62B571B8E006F13DB /* Debug */ = {
			isa = XCBuildConfiguration;
			buildSettings = {
				ALWAYS_EMBED_SWIFT_STANDARD_LIBRARIES = YES;
				CODE_SIGN_STYLE = Automatic;
				CURRENT_PROJECT_VERSION = 1;
				DEVELOPMENT_TEAM = 5JVSN3RCY7;
				GENERATE_INFOPLIST_FILE = YES;
				IPHONEOS_DEPLOYMENT_TARGET = 17.2;
				MACOSX_DEPLOYMENT_TARGET = 14.2;
				MARKETING_VERSION = 1.0;
				PRODUCT_BUNDLE_IDENTIFIER = com.robpal.DrinkAPIUITests;
				PRODUCT_NAME = "$(TARGET_NAME)";
				SDKROOT = auto;
				SUPPORTED_PLATFORMS = "iphoneos iphonesimulator macosx";
				SWIFT_EMIT_LOC_STRINGS = NO;
				SWIFT_VERSION = 5.0;
				TARGETED_DEVICE_FAMILY = "1,2";
				TEST_TARGET_NAME = DrinkAPI;
			};
			name = Debug;
		};
		30AB3BA72B571B8E006F13DB /* Release */ = {
			isa = XCBuildConfiguration;
			buildSettings = {
				ALWAYS_EMBED_SWIFT_STANDARD_LIBRARIES = YES;
				CODE_SIGN_STYLE = Automatic;
				CURRENT_PROJECT_VERSION = 1;
				DEVELOPMENT_TEAM = 5JVSN3RCY7;
				GENERATE_INFOPLIST_FILE = YES;
				IPHONEOS_DEPLOYMENT_TARGET = 17.2;
				MACOSX_DEPLOYMENT_TARGET = 14.2;
				MARKETING_VERSION = 1.0;
				PRODUCT_BUNDLE_IDENTIFIER = com.robpal.DrinkAPIUITests;
				PRODUCT_NAME = "$(TARGET_NAME)";
				SDKROOT = auto;
				SUPPORTED_PLATFORMS = "iphoneos iphonesimulator macosx";
				SWIFT_EMIT_LOC_STRINGS = NO;
				SWIFT_VERSION = 5.0;
				TARGETED_DEVICE_FAMILY = "1,2";
				TEST_TARGET_NAME = DrinkAPI;
			};
			name = Release;
		};
/* End XCBuildConfiguration section */

/* Begin XCConfigurationList section */
		30AB3B702B571B8C006F13DB /* Build configuration list for PBXProject "DrinkAPI" */ = {
			isa = XCConfigurationList;
			buildConfigurations = (
				30AB3B9D2B571B8E006F13DB /* Debug */,
				30AB3B9E2B571B8E006F13DB /* Release */,
			);
			defaultConfigurationIsVisible = 0;
			defaultConfigurationName = Release;
		};
		30AB3B9F2B571B8E006F13DB /* Build configuration list for PBXNativeTarget "DrinkAPI" */ = {
			isa = XCConfigurationList;
			buildConfigurations = (
				30AB3BA02B571B8E006F13DB /* Debug */,
				30AB3BA12B571B8E006F13DB /* Release */,
			);
			defaultConfigurationIsVisible = 0;
			defaultConfigurationName = Release;
		};
		30AB3BA22B571B8E006F13DB /* Build configuration list for PBXNativeTarget "DrinkAPITests" */ = {
			isa = XCConfigurationList;
			buildConfigurations = (
				30AB3BA32B571B8E006F13DB /* Debug */,
				30AB3BA42B571B8E006F13DB /* Release */,
			);
			defaultConfigurationIsVisible = 0;
			defaultConfigurationName = Release;
		};
		30AB3BA52B571B8E006F13DB /* Build configuration list for PBXNativeTarget "DrinkAPIUITests" */ = {
			isa = XCConfigurationList;
			buildConfigurations = (
				30AB3BA62B571B8E006F13DB /* Debug */,
				30AB3BA72B571B8E006F13DB /* Release */,
			);
			defaultConfigurationIsVisible = 0;
			defaultConfigurationName = Release;
		};
/* End XCConfigurationList section */

/* Begin XCVersionGroup section */
		30AB3B7C2B571B8C006F13DB /* DrinkAPI.xcdatamodeld */ = {
			isa = XCVersionGroup;
			children = (
				30AB3B7D2B571B8C006F13DB /* DrinkAPI.xcdatamodel */,
			);
			currentVersion = 30AB3B7D2B571B8C006F13DB /* DrinkAPI.xcdatamodel */;
			path = DrinkAPI.xcdatamodeld;
			sourceTree = "<group>";
			versionGroupType = wrapper.xcdatamodel;
		};
/* End XCVersionGroup section */
	};
	rootObject = 30AB3B6D2B571B8C006F13DB /* Project object */;
}
